// !$*UTF8*$!
{
	archiveVersion = 1;
	classes = {
	};
	objectVersion = 46;
	objects = {

/* Begin PBXBuildFile section */
		B268E4E61BD9638B00ACF519 /* MainTableViewController.swift in Sources */ = {isa = PBXBuildFile; fileRef = B268E4E51BD9638B00ACF519 /* MainTableViewController.swift */; };
		B268E5091BD9818D00ACF519 /* UserViewController.swift in Sources */ = {isa = PBXBuildFile; fileRef = B268E5081BD9818D00ACF519 /* UserViewController.swift */; };
		B268E50D1BD9967F00ACF519 /* AddNewEventViewController.swift in Sources */ = {isa = PBXBuildFile; fileRef = B268E50C1BD9967F00ACF519 /* AddNewEventViewController.swift */; };
		B268E50F1BD99F3000ACF519 /* EditTableViewController.swift in Sources */ = {isa = PBXBuildFile; fileRef = B268E50E1BD99F3000ACF519 /* EditTableViewController.swift */; };
		B268E5111BD9A78100ACF519 /* EditViewController.swift in Sources */ = {isa = PBXBuildFile; fileRef = B268E5101BD9A78100ACF519 /* EditViewController.swift */; };
		B2F406611BD8F6A900646397 /* AppDelegate.swift in Sources */ = {isa = PBXBuildFile; fileRef = B2F406601BD8F6A900646397 /* AppDelegate.swift */; };
		B2F406661BD8F6A900646397 /* Main.storyboard in Resources */ = {isa = PBXBuildFile; fileRef = B2F406641BD8F6A900646397 /* Main.storyboard */; };
		B2F406691BD8F6A900646397 /* FinalProject.xcdatamodeld in Sources */ = {isa = PBXBuildFile; fileRef = B2F406671BD8F6A900646397 /* FinalProject.xcdatamodeld */; };
		B2F4066B1BD8F6A900646397 /* Assets.xcassets in Resources */ = {isa = PBXBuildFile; fileRef = B2F4066A1BD8F6A900646397 /* Assets.xcassets */; };
		B2F4066E1BD8F6A900646397 /* LaunchScreen.storyboard in Resources */ = {isa = PBXBuildFile; fileRef = B2F4066C1BD8F6A900646397 /* LaunchScreen.storyboard */; };
		B2F406771BD8F6C000646397 /* User.swift in Sources */ = {isa = PBXBuildFile; fileRef = B2F406751BD8F6C000646397 /* User.swift */; };
		B2F406781BD8F6C000646397 /* Event.swift in Sources */ = {isa = PBXBuildFile; fileRef = B2F406761BD8F6C000646397 /* Event.swift */; };
		B2F4067A1BD8F70800646397 /* DataModel.swift in Sources */ = {isa = PBXBuildFile; fileRef = B2F406791BD8F70800646397 /* DataModel.swift */; };
		CDC480D01BDA96380000DBF1 /* EventDetailsViewController.swift in Sources */ = {isa = PBXBuildFile; fileRef = CDC480CF1BDA96380000DBF1 /* EventDetailsViewController.swift */; };
/* End PBXBuildFile section */

/* Begin PBXFileReference section */
		B268E4E51BD9638B00ACF519 /* MainTableViewController.swift */ = {isa = PBXFileReference; fileEncoding = 4; lastKnownFileType = sourcecode.swift; path = MainTableViewController.swift; sourceTree = "<group>"; };
		B268E5081BD9818D00ACF519 /* UserViewController.swift */ = {isa = PBXFileReference; fileEncoding = 4; lastKnownFileType = sourcecode.swift; path = UserViewController.swift; sourceTree = "<group>"; };
		B268E50C1BD9967F00ACF519 /* AddNewEventViewController.swift */ = {isa = PBXFileReference; fileEncoding = 4; lastKnownFileType = sourcecode.swift; path = AddNewEventViewController.swift; sourceTree = "<group>"; };
		B268E50E1BD99F3000ACF519 /* EditTableViewController.swift */ = {isa = PBXFileReference; fileEncoding = 4; lastKnownFileType = sourcecode.swift; path = EditTableViewController.swift; sourceTree = "<group>"; };
		B268E5101BD9A78100ACF519 /* EditViewController.swift */ = {isa = PBXFileReference; fileEncoding = 4; lastKnownFileType = sourcecode.swift; path = EditViewController.swift; sourceTree = "<group>"; };
		B2F4065D1BD8F6A900646397 /* FinalProject.app */ = {isa = PBXFileReference; explicitFileType = wrapper.application; includeInIndex = 0; path = FinalProject.app; sourceTree = BUILT_PRODUCTS_DIR; };
		B2F406601BD8F6A900646397 /* AppDelegate.swift */ = {isa = PBXFileReference; lastKnownFileType = sourcecode.swift; path = AppDelegate.swift; sourceTree = "<group>"; };
		B2F406651BD8F6A900646397 /* Base */ = {isa = PBXFileReference; lastKnownFileType = file.storyboard; name = Base; path = Base.lproj/Main.storyboard; sourceTree = "<group>"; };
		B2F406681BD8F6A900646397 /* FinalProject.xcdatamodel */ = {isa = PBXFileReference; lastKnownFileType = wrapper.xcdatamodel; path = FinalProject.xcdatamodel; sourceTree = "<group>"; };
		B2F4066A1BD8F6A900646397 /* Assets.xcassets */ = {isa = PBXFileReference; lastKnownFileType = folder.assetcatalog; path = Assets.xcassets; sourceTree = "<group>"; };
		B2F4066D1BD8F6A900646397 /* Base */ = {isa = PBXFileReference; lastKnownFileType = file.storyboard; name = Base; path = Base.lproj/LaunchScreen.storyboard; sourceTree = "<group>"; };
		B2F4066F1BD8F6A900646397 /* Info.plist */ = {isa = PBXFileReference; lastKnownFileType = text.plist.xml; path = Info.plist; sourceTree = "<group>"; };
		B2F406751BD8F6C000646397 /* User.swift */ = {isa = PBXFileReference; fileEncoding = 4; lastKnownFileType = sourcecode.swift; path = User.swift; sourceTree = "<group>"; };
		B2F406761BD8F6C000646397 /* Event.swift */ = {isa = PBXFileReference; fileEncoding = 4; lastKnownFileType = sourcecode.swift; path = Event.swift; sourceTree = "<group>"; };
		B2F406791BD8F70800646397 /* DataModel.swift */ = {isa = PBXFileReference; fileEncoding = 4; lastKnownFileType = sourcecode.swift; path = DataModel.swift; sourceTree = "<group>"; };
		CDC480CF1BDA96380000DBF1 /* EventDetailsViewController.swift */ = {isa = PBXFileReference; fileEncoding = 4; lastKnownFileType = sourcecode.swift; path = EventDetailsViewController.swift; sourceTree = "<group>"; };
/* End PBXFileReference section */

/* Begin PBXFrameworksBuildPhase section */
		B2F4065A1BD8F6A900646397 /* Frameworks */ = {
			isa = PBXFrameworksBuildPhase;
			buildActionMask = 2147483647;
			files = (
			);
			runOnlyForDeploymentPostprocessing = 0;
		};
/* End PBXFrameworksBuildPhase section */

/* Begin PBXGroup section */
		B2F406541BD8F6A900646397 = {
			isa = PBXGroup;
			children = (
				B2F4065F1BD8F6A900646397 /* FinalProject */,
				B2F4065E1BD8F6A900646397 /* Products */,
			);
			sourceTree = "<group>";
		};
		B2F4065E1BD8F6A900646397 /* Products */ = {
			isa = PBXGroup;
			children = (
				B2F4065D1BD8F6A900646397 /* FinalProject.app */,
			);
			name = Products;
			sourceTree = "<group>";
		};
		B2F4065F1BD8F6A900646397 /* FinalProject */ = {
			isa = PBXGroup;
			children = (
				B2F406601BD8F6A900646397 /* AppDelegate.swift */,
				B268E4E51BD9638B00ACF519 /* MainTableViewController.swift */,
				B268E5081BD9818D00ACF519 /* UserViewController.swift */,
				B268E50C1BD9967F00ACF519 /* AddNewEventViewController.swift */,
				B268E50E1BD99F3000ACF519 /* EditTableViewController.swift */,
				B268E5101BD9A78100ACF519 /* EditViewController.swift */,
				B2F406751BD8F6C000646397 /* User.swift */,
				B2F406761BD8F6C000646397 /* Event.swift */,
				CDC480CF1BDA96380000DBF1 /* EventDetailsViewController.swift */,
				B2F406791BD8F70800646397 /* DataModel.swift */,
				B2F406641BD8F6A900646397 /* Main.storyboard */,
				B2F406671BD8F6A900646397 /* FinalProject.xcdatamodeld */,
				B2F4066A1BD8F6A900646397 /* Assets.xcassets */,
				B2F4066C1BD8F6A900646397 /* LaunchScreen.storyboard */,
				B2F4066F1BD8F6A900646397 /* Info.plist */,
			);
			path = FinalProject;
			sourceTree = "<group>";
		};
/* End PBXGroup section */

/* Begin PBXNativeTarget section */
		B2F4065C1BD8F6A900646397 /* FinalProject */ = {
			isa = PBXNativeTarget;
			buildConfigurationList = B2F406721BD8F6A900646397 /* Build configuration list for PBXNativeTarget "FinalProject" */;
			buildPhases = (
				B2F406591BD8F6A900646397 /* Sources */,
				B2F4065A1BD8F6A900646397 /* Frameworks */,
				B2F4065B1BD8F6A900646397 /* Resources */,
			);
			buildRules = (
			);
			dependencies = (
			);
			name = FinalProject;
			productName = FinalProject;
			productReference = B2F4065D1BD8F6A900646397 /* FinalProject.app */;
			productType = "com.apple.product-type.application";
		};
/* End PBXNativeTarget section */

/* Begin PBXProject section */
		B2F406551BD8F6A900646397 /* Project object */ = {
			isa = PBXProject;
			attributes = {
				LastSwiftUpdateCheck = 0710;
				LastUpgradeCheck = 0710;
				ORGANIZATIONNAME = thanhcs;
				TargetAttributes = {
					B2F4065C1BD8F6A900646397 = {
						CreatedOnToolsVersion = 7.1;
					};
				};
			};
			buildConfigurationList = B2F406581BD8F6A900646397 /* Build configuration list for PBXProject "FinalProject" */;
			compatibilityVersion = "Xcode 3.2";
			developmentRegion = English;
			hasScannedForEncodings = 0;
			knownRegions = (
				en,
				Base,
			);
			mainGroup = B2F406541BD8F6A900646397;
			productRefGroup = B2F4065E1BD8F6A900646397 /* Products */;
			projectDirPath = "";
			projectRoot = "";
			targets = (
				B2F4065C1BD8F6A900646397 /* FinalProject */,
			);
		};
/* End PBXProject section */

/* Begin PBXResourcesBuildPhase section */
		B2F4065B1BD8F6A900646397 /* Resources */ = {
			isa = PBXResourcesBuildPhase;
			buildActionMask = 2147483647;
			files = (
				B2F4066E1BD8F6A900646397 /* LaunchScreen.storyboard in Resources */,
				B2F4066B1BD8F6A900646397 /* Assets.xcassets in Resources */,
				B2F406661BD8F6A900646397 /* Main.storyboard in Resources */,
			);
			runOnlyForDeploymentPostprocessing = 0;
		};
/* End PBXResourcesBuildPhase section */

/* Begin PBXSourcesBuildPhase section */
		B2F406591BD8F6A900646397 /* Sources */ = {
			isa = PBXSourcesBuildPhase;
			buildActionMask = 2147483647;
			files = (
				B2F406771BD8F6C000646397 /* User.swift in Sources */,
				B268E5091BD9818D00ACF519 /* UserViewController.swift in Sources */,
				B268E50D1BD9967F00ACF519 /* AddNewEventViewController.swift in Sources */,
				B268E50F1BD99F3000ACF519 /* EditTableViewController.swift in Sources */,
				B2F406611BD8F6A900646397 /* AppDelegate.swift in Sources */,
				B2F406691BD8F6A900646397 /* FinalProject.xcdatamodeld in Sources */,
				B2F406781BD8F6C000646397 /* Event.swift in Sources */,
				CDC480D01BDA96380000DBF1 /* EventDetailsViewController.swift in Sources */,
				B2F4067A1BD8F70800646397 /* DataModel.swift in Sources */,
				B268E5111BD9A78100ACF519 /* EditViewController.swift in Sources */,
				B268E4E61BD9638B00ACF519 /* MainTableViewController.swift in Sources */,
			);
			runOnlyForDeploymentPostprocessing = 0;
		};
/* End PBXSourcesBuildPhase section */

/* Begin PBXVariantGroup section */
		B2F406641BD8F6A900646397 /* Main.storyboard */ = {
			isa = PBXVariantGroup;
			children = (
				B2F406651BD8F6A900646397 /* Base */,
			);
			name = Main.storyboard;
			sourceTree = "<group>";
		};
		B2F4066C1BD8F6A900646397 /* LaunchScreen.storyboard */ = {
			isa = PBXVariantGroup;
			children = (
				B2F4066D1BD8F6A900646397 /* Base */,
			);
			name = LaunchScreen.storyboard;
			sourceTree = "<group>";
		};
/* End PBXVariantGroup section */

/* Begin XCBuildConfiguration section */
		B2F406701BD8F6A900646397 /* Debug */ = {
			isa = XCBuildConfiguration;
			buildSettings = {
				ALWAYS_SEARCH_USER_PATHS = NO;
				CLANG_CXX_LANGUAGE_STANDARD = "gnu++0x";
				CLANG_CXX_LIBRARY = "libc++";
				CLANG_ENABLE_MODULES = YES;
				CLANG_ENABLE_OBJC_ARC = YES;
				CLANG_WARN_BOOL_CONVERSION = YES;
				CLANG_WARN_CONSTANT_CONVERSION = YES;
				CLANG_WARN_DIRECT_OBJC_ISA_USAGE = YES_ERROR;
				CLANG_WARN_EMPTY_BODY = YES;
				CLANG_WARN_ENUM_CONVERSION = YES;
				CLANG_WARN_INT_CONVERSION = YES;
				CLANG_WARN_OBJC_ROOT_CLASS = YES_ERROR;
				CLANG_WARN_UNREACHABLE_CODE = YES;
				CLANG_WARN__DUPLICATE_METHOD_MATCH = YES;
				"CODE_SIGN_IDENTITY[sdk=iphoneos*]" = "iPhone Developer";
				COPY_PHASE_STRIP = NO;
				DEBUG_INFORMATION_FORMAT = dwarf;
				ENABLE_STRICT_OBJC_MSGSEND = YES;
				ENABLE_TESTABILITY = YES;
				GCC_C_LANGUAGE_STANDARD = gnu99;
				GCC_DYNAMIC_NO_PIC = NO;
				GCC_NO_COMMON_BLOCKS = YES;
				GCC_OPTIMIZATION_LEVEL = 0;
				GCC_PREPROCESSOR_DEFINITIONS = (
					"DEBUG=1",
					"$(inherited)",
				);
				GCC_WARN_64_TO_32_BIT_CONVERSION = YES;
				GCC_WARN_ABOUT_RETURN_TYPE = YES_ERROR;
				GCC_WARN_UNDECLARED_SELECTOR = YES;
				GCC_WARN_UNINITIALIZED_AUTOS = YES_AGGRESSIVE;
				GCC_WARN_UNUSED_FUNCTION = YES;
				GCC_WARN_UNUSED_VARIABLE = YES;
				IPHONEOS_DEPLOYMENT_TARGET = 9.1;
				MTL_ENABLE_DEBUG_INFO = YES;
				ONLY_ACTIVE_ARCH = YES;
				SDKROOT = iphoneos;
				SWIFT_OPTIMIZATION_LEVEL = "-Onone";
			};
			name = Debug;
		};
		B2F406711BD8F6A900646397 /* Release */ = {
			isa = XCBuildConfiguration;
			buildSettings = {
				ALWAYS_SEARCH_USER_PATHS = NO;
				CLANG_CXX_LANGUAGE_STANDARD = "gnu++0x";
				CLANG_CXX_LIBRARY = "libc++";
				CLANG_ENABLE_MODULES = YES;
				CLANG_ENABLE_OBJC_ARC = YES;
				CLANG_WARN_BOOL_CONVERSION = YES;
				CLANG_WARN_CONSTANT_CONVERSION = YES;
				CLANG_WARN_DIRECT_OBJC_ISA_USAGE = YES_ERROR;
				CLANG_WARN_EMPTY_BODY = YES;
				CLANG_WARN_ENUM_CONVERSION = YES;
				CLANG_WARN_INT_CONVERSION = YES;
				CLANG_WARN_OBJC_ROOT_CLASS = YES_ERROR;
				CLANG_WARN_UNREACHABLE_CODE = YES;
				CLANG_WARN__DUPLICATE_METHOD_MATCH = YES;
				"CODE_SIGN_IDENTITY[sdk=iphoneos*]" = "iPhone Developer";
				COPY_PHASE_STRIP = NO;
				DEBUG_INFORMATION_FORMAT = "dwarf-with-dsym";
				ENABLE_NS_ASSERTIONS = NO;
				ENABLE_STRICT_OBJC_MSGSEND = YES;
				GCC_C_LANGUAGE_STANDARD = gnu99;
				GCC_NO_COMMON_BLOCKS = YES;
				GCC_WARN_64_TO_32_BIT_CONVERSION = YES;
				GCC_WARN_ABOUT_RETURN_TYPE = YES_ERROR;
				GCC_WARN_UNDECLARED_SELECTOR = YES;
				GCC_WARN_UNINITIALIZED_AUTOS = YES_AGGRESSIVE;
				GCC_WARN_UNUSED_FUNCTION = YES;
				GCC_WARN_UNUSED_VARIABLE = YES;
				IPHONEOS_DEPLOYMENT_TARGET = 9.1;
				MTL_ENABLE_DEBUG_INFO = NO;
				SDKROOT = iphoneos;
				VALIDATE_PRODUCT = YES;
			};
			name = Release;
		};
		B2F406731BD8F6A900646397 /* Debug */ = {
			isa = XCBuildConfiguration;
			buildSettings = {
				ASSETCATALOG_COMPILER_APPICON_NAME = AppIcon;
				INFOPLIST_FILE = FinalProject/Info.plist;
				IPHONEOS_DEPLOYMENT_TARGET = 9.0;
				LD_RUNPATH_SEARCH_PATHS = "$(inherited) @executable_path/Frameworks";
				PRODUCT_BUNDLE_IDENTIFIER = com.thanhcs.FinalProject;
				PRODUCT_NAME = "$(TARGET_NAME)";
			};
			name = Debug;
		};
		B2F406741BD8F6A900646397 /* Release */ = {
			isa = XCBuildConfiguration;
			buildSettings = {
				ASSETCATALOG_COMPILER_APPICON_NAME = AppIcon;
				INFOPLIST_FILE = FinalProject/Info.plist;
				IPHONEOS_DEPLOYMENT_TARGET = 9.0;
				LD_RUNPATH_SEARCH_PATHS = "$(inherited) @executable_path/Frameworks";
				PRODUCT_BUNDLE_IDENTIFIER = com.thanhcs.FinalProject;
				PRODUCT_NAME = "$(TARGET_NAME)";
			};
			name = Release;
		};
/* End XCBuildConfiguration section */

/* Begin XCConfigurationList section */
		B2F406581BD8F6A900646397 /* Build configuration list for PBXProject "FinalProject" */ = {
			isa = XCConfigurationList;
			buildConfigurations = (
				B2F406701BD8F6A900646397 /* Debug */,
				B2F406711BD8F6A900646397 /* Release */,
			);
			defaultConfigurationIsVisible = 0;
			defaultConfigurationName = Release;
		};
		B2F406721BD8F6A900646397 /* Build configuration list for PBXNativeTarget "FinalProject" */ = {
			isa = XCConfigurationList;
			buildConfigurations = (
				B2F406731BD8F6A900646397 /* Debug */,
				B2F406741BD8F6A900646397 /* Release */,
			);
			defaultConfigurationIsVisible = 0;
			defaultConfigurationName = Release;
		};
/* End XCConfigurationList section */

/* Begin XCVersionGroup section */
		B2F406671BD8F6A900646397 /* FinalProject.xcdatamodeld */ = {
			isa = XCVersionGroup;
			children = (
				B2F406681BD8F6A900646397 /* FinalProject.xcdatamodel */,
			);
			currentVersion = B2F406681BD8F6A900646397 /* FinalProject.xcdatamodel */;
			path = FinalProject.xcdatamodeld;
			sourceTree = "<group>";
			versionGroupType = wrapper.xcdatamodel;
		};
/* End XCVersionGroup section */
	};
	rootObject = B2F406551BD8F6A900646397 /* Project object */;
}
